
Microsoft Visual Studio Solution File, Format Version 12.00
# Visual Studio Version 17
VisualStudioVersion = 17.8.34112.27
MinimumVisualStudioVersion = 10.0.40219.1
Project("{FAE04EC0-301F-11D3-BF4B-00C04F79EFBC}") = "HomeWork9", "HomeWork9\HomeWork9.csproj", "{5BDA9E25-02E2-4C0E-A338-D56D5ABD49D7}"
EndProject
Global
	GlobalSection(SolutionConfigurationPlatforms) = preSolution
		Debug|Any CPU = Debug|Any CPU
		Release|Any CPU = Release|Any CPU
	EndGlobalSection
	GlobalSection(ProjectConfigurationPlatforms) = postSolution
		{5BDA9E25-02E2-4C0E-A338-D56D5ABD49D7}.Debug|Any CPU.ActiveCfg = Debug|Any CPU
		{5BDA9E25-02E2-4C0E-A338-D56D5ABD49D7}.Debug|Any CPU.Build.0 = Debug|Any CPU
		{5BDA9E25-02E2-4C0E-A338-D56D5ABD49D7}.Release|Any CPU.ActiveCfg = Release|Any CPU
		{5BDA9E25-02E2-4C0E-A338-D56D5ABD49D7}.Release|Any CPU.Build.0 = Release|Any CPU
	EndGlobalSection
	GlobalSection(SolutionProperties) = preSolution
		HideSolutionNode = FALSE
	EndGlobalSection
	GlobalSection(ExtensibilityGlobals) = postSolution
		SolutionGuid = {16947BE6-F99B-4E03-9E20-7E994CDDFE45}
	EndGlobalSection
EndGlobal
