
Microsoft Visual Studio Solution File, Format Version 12.00
# Visual Studio Version 17
VisualStudioVersion = 17.7.34018.315
MinimumVisualStudioVersion = 10.0.40219.1
Project("{FAE04EC0-301F-11D3-BF4B-00C04F79EFBC}") = "HomeWork1", "HomeWork1\HomeWork1.csproj", "{B1F24678-6D65-4951-B775-3BFB5C3745C7}"
EndProject
Global
	GlobalSection(SolutionConfigurationPlatforms) = preSolution
		Debug|Any CPU = Debug|Any CPU
		Release|Any CPU = Release|Any CPU
	EndGlobalSection
	GlobalSection(ProjectConfigurationPlatforms) = postSolution
		{B1F24678-6D65-4951-B775-3BFB5C3745C7}.Debug|Any CPU.ActiveCfg = Debug|Any CPU
		{B1F24678-6D65-4951-B775-3BFB5C3745C7}.Debug|Any CPU.Build.0 = Debug|Any CPU
		{B1F24678-6D65-4951-B775-3BFB5C3745C7}.Release|Any CPU.ActiveCfg = Release|Any CPU
		{B1F24678-6D65-4951-B775-3BFB5C3745C7}.Release|Any CPU.Build.0 = Release|Any CPU
	EndGlobalSection
	GlobalSection(SolutionProperties) = preSolution
		HideSolutionNode = FALSE
	EndGlobalSection
	GlobalSection(ExtensibilityGlobals) = postSolution
		SolutionGuid = {25FF5330-12D0-4FC8-8C0E-90EF9370F471}
	EndGlobalSection
EndGlobal
