
Microsoft Visual Studio Solution File, Format Version 12.00
# Visual Studio Version 17
VisualStudioVersion = 17.7.34018.315
MinimumVisualStudioVersion = 10.0.40219.1
Project("{FAE04EC0-301F-11D3-BF4B-00C04F79EFBC}") = "HomeWork4", "HomeWork4\HomeWork4.csproj", "{649FF99A-FB74-4668-A962-2EEF1B565C5F}"
EndProject
Global
	GlobalSection(SolutionConfigurationPlatforms) = preSolution
		Debug|Any CPU = Debug|Any CPU
		Release|Any CPU = Release|Any CPU
	EndGlobalSection
	GlobalSection(ProjectConfigurationPlatforms) = postSolution
		{649FF99A-FB74-4668-A962-2EEF1B565C5F}.Debug|Any CPU.ActiveCfg = Debug|Any CPU
		{649FF99A-FB74-4668-A962-2EEF1B565C5F}.Debug|Any CPU.Build.0 = Debug|Any CPU
		{649FF99A-FB74-4668-A962-2EEF1B565C5F}.Release|Any CPU.ActiveCfg = Release|Any CPU
		{649FF99A-FB74-4668-A962-2EEF1B565C5F}.Release|Any CPU.Build.0 = Release|Any CPU
	EndGlobalSection
	GlobalSection(SolutionProperties) = preSolution
		HideSolutionNode = FALSE
	EndGlobalSection
	GlobalSection(ExtensibilityGlobals) = postSolution
		SolutionGuid = {A270C758-8568-48F4-8511-F15D92D8E2B8}
	EndGlobalSection
EndGlobal
